// !$*UTF8*$!
{
	archiveVersion = 1;
	classes = {
	};
	objectVersion = 51;
	objects = {

/* Begin PBXBuildFile section */
		A817183FFBD439ED338FDB91 /* Pods_News.framework in Frameworks */ = {isa = PBXBuildFile; fileRef = 78DF4F2EF4751AFD0DAD177F /* Pods_News.framework */; };
		B51381822548667A00D7A6FB /* ConnectionControlVC.swift in Sources */ = {isa = PBXBuildFile; fileRef = B51381812548667A00D7A6FB /* ConnectionControlVC.swift */; };
		B51381852548677C00D7A6FB /* NetworkMonitor.swift in Sources */ = {isa = PBXBuildFile; fileRef = B51381842548677C00D7A6FB /* NetworkMonitor.swift */; };
		B526194F2548221A00F54A31 /* ArticleVC.swift in Sources */ = {isa = PBXBuildFile; fileRef = B526194E2548221A00F54A31 /* ArticleVC.swift */; };
		B52619522548238A00F54A31 /* WebService.swift in Sources */ = {isa = PBXBuildFile; fileRef = B52619512548238A00F54A31 /* WebService.swift */; };
		B52619552548241100F54A31 /* ShowArticleVC.swift in Sources */ = {isa = PBXBuildFile; fileRef = B52619542548241100F54A31 /* ShowArticleVC.swift */; };
		B526195A2548248200F54A31 /* ArticlesTableViewCell.swift in Sources */ = {isa = PBXBuildFile; fileRef = B52619592548248200F54A31 /* ArticlesTableViewCell.swift */; };
		B526195E254824A700F54A31 /* CollectionTableViewCell.swift in Sources */ = {isa = PBXBuildFile; fileRef = B526195D254824A700F54A31 /* CollectionTableViewCell.swift */; };
		B52619612548254700F54A31 /* FeaturedArticleTableViewCell.swift in Sources */ = {isa = PBXBuildFile; fileRef = B52619602548254700F54A31 /* FeaturedArticleTableViewCell.swift */; };
		B52619642548256E00F54A31 /* TopicsCollectionViewCell.swift in Sources */ = {isa = PBXBuildFile; fileRef = B52619632548256E00F54A31 /* TopicsCollectionViewCell.swift */; };
		B5503472254FE85100B4D597 /* GoogleService-Info.plist in Resources */ = {isa = PBXBuildFile; fileRef = B5503471254FE85100B4D597 /* GoogleService-Info.plist */; };
		B5503484254FF77000B4D597 /* DatabaseManager.swift in Sources */ = {isa = PBXBuildFile; fileRef = B5503483254FF77000B4D597 /* DatabaseManager.swift */; };
		B56495BD2548142D0036934E /* AppDelegate.swift in Sources */ = {isa = PBXBuildFile; fileRef = B56495BC2548142D0036934E /* AppDelegate.swift */; };
		B56495BF2548142D0036934E /* SceneDelegate.swift in Sources */ = {isa = PBXBuildFile; fileRef = B56495BE2548142D0036934E /* SceneDelegate.swift */; };
		B56495C42548142E0036934E /* Main.storyboard in Resources */ = {isa = PBXBuildFile; fileRef = B56495C22548142E0036934E /* Main.storyboard */; };
		B56495C6254814310036934E /* Assets.xcassets in Resources */ = {isa = PBXBuildFile; fileRef = B56495C5254814310036934E /* Assets.xcassets */; };
		B56495C9254814310036934E /* LaunchScreen.storyboard in Resources */ = {isa = PBXBuildFile; fileRef = B56495C7254814310036934E /* LaunchScreen.storyboard */; };
		B56495E425481A2E0036934E /* UIViewExtension.swift in Sources */ = {isa = PBXBuildFile; fileRef = B56495E325481A2E0036934E /* UIViewExtension.swift */; };
		B56495E725481A6D0036934E /* StringExtension.swift in Sources */ = {isa = PBXBuildFile; fileRef = B56495E625481A6D0036934E /* StringExtension.swift */; };
		B56495EA25481AA40036934E /* Article.swift in Sources */ = {isa = PBXBuildFile; fileRef = B56495E925481AA40036934E /* Article.swift */; };
		B564964125481DCF0036934E /* ArticleViewModel.swift in Sources */ = {isa = PBXBuildFile; fileRef = B564964025481DCF0036934E /* ArticleViewModel.swift */; };
		B589AAB0254BEB6600A9D5C3 /* WelcomeOnboardingVC.swift in Sources */ = {isa = PBXBuildFile; fileRef = B589AAAF254BEB6600A9D5C3 /* WelcomeOnboardingVC.swift */; };
		B589AAB4254C057800A9D5C3 /* OnboardingTopicCollectionViewCell.swift in Sources */ = {isa = PBXBuildFile; fileRef = B589AAB3254C057800A9D5C3 /* OnboardingTopicCollectionViewCell.swift */; };
		B5A66606254AE5F3003D16B3 /* WelcomeOnBoarding.swift in Sources */ = {isa = PBXBuildFile; fileRef = B5A66605254AE5F3003D16B3 /* WelcomeOnBoarding.swift */; };
		B5B88A0D25497ACF00813D38 /* SF-Compact-Display-Black.otf in Resources */ = {isa = PBXBuildFile; fileRef = B5B88A0425497ACE00813D38 /* SF-Compact-Display-Black.otf */; };
		B5B88A0E25497ACF00813D38 /* SF-Compact-Display-Bold.otf in Resources */ = {isa = PBXBuildFile; fileRef = B5B88A0525497ACE00813D38 /* SF-Compact-Display-Bold.otf */; };
		B5B88A0F25497ACF00813D38 /* SF-Compact-Display-Ultralight.otf in Resources */ = {isa = PBXBuildFile; fileRef = B5B88A0625497ACE00813D38 /* SF-Compact-Display-Ultralight.otf */; };
		B5B88A1025497ACF00813D38 /* SF-Compact-Display-Thin.otf in Resources */ = {isa = PBXBuildFile; fileRef = B5B88A0725497ACE00813D38 /* SF-Compact-Display-Thin.otf */; };
		B5B88A1125497ACF00813D38 /* SF-Compact-Display-Medium.otf in Resources */ = {isa = PBXBuildFile; fileRef = B5B88A0825497ACE00813D38 /* SF-Compact-Display-Medium.otf */; };
		B5B88A1225497ACF00813D38 /* SF-Compact-Display-Regular.otf in Resources */ = {isa = PBXBuildFile; fileRef = B5B88A0925497ACF00813D38 /* SF-Compact-Display-Regular.otf */; };
		B5B88A1325497ACF00813D38 /* SF-Compact-Display-Semibold.otf in Resources */ = {isa = PBXBuildFile; fileRef = B5B88A0A25497ACF00813D38 /* SF-Compact-Display-Semibold.otf */; };
		B5B88A1425497ACF00813D38 /* SF-Compact-Display-Light.otf in Resources */ = {isa = PBXBuildFile; fileRef = B5B88A0B25497ACF00813D38 /* SF-Compact-Display-Light.otf */; };
		B5B88A1525497ACF00813D38 /* SF-Compact-Display-Heavy.otf in Resources */ = {isa = PBXBuildFile; fileRef = B5B88A0C25497ACF00813D38 /* SF-Compact-Display-Heavy.otf */; };
/* End PBXBuildFile section */

/* Begin PBXFileReference section */
		1DE15F62D67C43DC022E1528 /* Pods-News.debug.xcconfig */ = {isa = PBXFileReference; includeInIndex = 1; lastKnownFileType = text.xcconfig; name = "Pods-News.debug.xcconfig"; path = "Target Support Files/Pods-News/Pods-News.debug.xcconfig"; sourceTree = "<group>"; };
		45EADFE16436C006915B5089 /* Pods-News.release.xcconfig */ = {isa = PBXFileReference; includeInIndex = 1; lastKnownFileType = text.xcconfig; name = "Pods-News.release.xcconfig"; path = "Target Support Files/Pods-News/Pods-News.release.xcconfig"; sourceTree = "<group>"; };
		78DF4F2EF4751AFD0DAD177F /* Pods_News.framework */ = {isa = PBXFileReference; explicitFileType = wrapper.framework; includeInIndex = 0; path = Pods_News.framework; sourceTree = BUILT_PRODUCTS_DIR; };
		B51381812548667A00D7A6FB /* ConnectionControlVC.swift */ = {isa = PBXFileReference; lastKnownFileType = sourcecode.swift; path = ConnectionControlVC.swift; sourceTree = "<group>"; };
		B51381842548677C00D7A6FB /* NetworkMonitor.swift */ = {isa = PBXFileReference; lastKnownFileType = sourcecode.swift; path = NetworkMonitor.swift; sourceTree = "<group>"; };
		B526194E2548221A00F54A31 /* ArticleVC.swift */ = {isa = PBXFileReference; lastKnownFileType = sourcecode.swift; path = ArticleVC.swift; sourceTree = "<group>"; };
		B52619512548238A00F54A31 /* WebService.swift */ = {isa = PBXFileReference; lastKnownFileType = sourcecode.swift; path = WebService.swift; sourceTree = "<group>"; };
		B52619542548241100F54A31 /* ShowArticleVC.swift */ = {isa = PBXFileReference; lastKnownFileType = sourcecode.swift; path = ShowArticleVC.swift; sourceTree = "<group>"; };
		B52619592548248200F54A31 /* ArticlesTableViewCell.swift */ = {isa = PBXFileReference; lastKnownFileType = sourcecode.swift; path = ArticlesTableViewCell.swift; sourceTree = "<group>"; };
		B526195D254824A700F54A31 /* CollectionTableViewCell.swift */ = {isa = PBXFileReference; lastKnownFileType = sourcecode.swift; path = CollectionTableViewCell.swift; sourceTree = "<group>"; };
		B52619602548254700F54A31 /* FeaturedArticleTableViewCell.swift */ = {isa = PBXFileReference; lastKnownFileType = sourcecode.swift; path = FeaturedArticleTableViewCell.swift; sourceTree = "<group>"; };
		B52619632548256E00F54A31 /* TopicsCollectionViewCell.swift */ = {isa = PBXFileReference; lastKnownFileType = sourcecode.swift; path = TopicsCollectionViewCell.swift; sourceTree = "<group>"; };
		B5503471254FE85100B4D597 /* GoogleService-Info.plist */ = {isa = PBXFileReference; fileEncoding = 4; lastKnownFileType = text.plist.xml; path = "GoogleService-Info.plist"; sourceTree = "<group>"; };
		B5503483254FF77000B4D597 /* DatabaseManager.swift */ = {isa = PBXFileReference; lastKnownFileType = sourcecode.swift; path = DatabaseManager.swift; sourceTree = "<group>"; };
		B56495B92548142D0036934E /* News.app */ = {isa = PBXFileReference; explicitFileType = wrapper.application; includeInIndex = 0; path = News.app; sourceTree = BUILT_PRODUCTS_DIR; };
		B56495BC2548142D0036934E /* AppDelegate.swift */ = {isa = PBXFileReference; lastKnownFileType = sourcecode.swift; path = AppDelegate.swift; sourceTree = "<group>"; };
		B56495BE2548142D0036934E /* SceneDelegate.swift */ = {isa = PBXFileReference; lastKnownFileType = sourcecode.swift; path = SceneDelegate.swift; sourceTree = "<group>"; };
		B56495C32548142E0036934E /* Base */ = {isa = PBXFileReference; lastKnownFileType = file.storyboard; name = Base; path = Base.lproj/Main.storyboard; sourceTree = "<group>"; };
		B56495C5254814310036934E /* Assets.xcassets */ = {isa = PBXFileReference; lastKnownFileType = folder.assetcatalog; path = Assets.xcassets; sourceTree = "<group>"; };
		B56495C8254814310036934E /* Base */ = {isa = PBXFileReference; lastKnownFileType = file.storyboard; name = Base; path = Base.lproj/LaunchScreen.storyboard; sourceTree = "<group>"; };
		B56495CA254814310036934E /* Info.plist */ = {isa = PBXFileReference; lastKnownFileType = text.plist.xml; path = Info.plist; sourceTree = "<group>"; };
		B56495E325481A2E0036934E /* UIViewExtension.swift */ = {isa = PBXFileReference; lastKnownFileType = sourcecode.swift; path = UIViewExtension.swift; sourceTree = "<group>"; };
		B56495E625481A6D0036934E /* StringExtension.swift */ = {isa = PBXFileReference; lastKnownFileType = sourcecode.swift; path = StringExtension.swift; sourceTree = "<group>"; };
		B56495E925481AA40036934E /* Article.swift */ = {isa = PBXFileReference; lastKnownFileType = sourcecode.swift; path = Article.swift; sourceTree = "<group>"; };
		B564964025481DCF0036934E /* ArticleViewModel.swift */ = {isa = PBXFileReference; lastKnownFileType = sourcecode.swift; path = ArticleViewModel.swift; sourceTree = "<group>"; };
		B589AAAF254BEB6600A9D5C3 /* WelcomeOnboardingVC.swift */ = {isa = PBXFileReference; lastKnownFileType = sourcecode.swift; path = WelcomeOnboardingVC.swift; sourceTree = "<group>"; };
		B589AAB3254C057800A9D5C3 /* OnboardingTopicCollectionViewCell.swift */ = {isa = PBXFileReference; lastKnownFileType = sourcecode.swift; path = OnboardingTopicCollectionViewCell.swift; sourceTree = "<group>"; };
		B5A66605254AE5F3003D16B3 /* WelcomeOnBoarding.swift */ = {isa = PBXFileReference; lastKnownFileType = sourcecode.swift; path = WelcomeOnBoarding.swift; sourceTree = "<group>"; };
		B5B88A0425497ACE00813D38 /* SF-Compact-Display-Black.otf */ = {isa = PBXFileReference; lastKnownFileType = file; path = "SF-Compact-Display-Black.otf"; sourceTree = "<group>"; };
		B5B88A0525497ACE00813D38 /* SF-Compact-Display-Bold.otf */ = {isa = PBXFileReference; lastKnownFileType = file; path = "SF-Compact-Display-Bold.otf"; sourceTree = "<group>"; };
		B5B88A0625497ACE00813D38 /* SF-Compact-Display-Ultralight.otf */ = {isa = PBXFileReference; lastKnownFileType = file; path = "SF-Compact-Display-Ultralight.otf"; sourceTree = "<group>"; };
		B5B88A0725497ACE00813D38 /* SF-Compact-Display-Thin.otf */ = {isa = PBXFileReference; lastKnownFileType = file; path = "SF-Compact-Display-Thin.otf"; sourceTree = "<group>"; };
		B5B88A0825497ACE00813D38 /* SF-Compact-Display-Medium.otf */ = {isa = PBXFileReference; lastKnownFileType = file; path = "SF-Compact-Display-Medium.otf"; sourceTree = "<group>"; };
		B5B88A0925497ACF00813D38 /* SF-Compact-Display-Regular.otf */ = {isa = PBXFileReference; lastKnownFileType = file; path = "SF-Compact-Display-Regular.otf"; sourceTree = "<group>"; };
		B5B88A0A25497ACF00813D38 /* SF-Compact-Display-Semibold.otf */ = {isa = PBXFileReference; lastKnownFileType = file; path = "SF-Compact-Display-Semibold.otf"; sourceTree = "<group>"; };
		B5B88A0B25497ACF00813D38 /* SF-Compact-Display-Light.otf */ = {isa = PBXFileReference; lastKnownFileType = file; path = "SF-Compact-Display-Light.otf"; sourceTree = "<group>"; };
		B5B88A0C25497ACF00813D38 /* SF-Compact-Display-Heavy.otf */ = {isa = PBXFileReference; lastKnownFileType = file; path = "SF-Compact-Display-Heavy.otf"; sourceTree = "<group>"; };
/* End PBXFileReference section */

/* Begin PBXFrameworksBuildPhase section */
		B56495B62548142D0036934E /* Frameworks */ = {
			isa = PBXFrameworksBuildPhase;
			buildActionMask = 2147483647;
			files = (
				A817183FFBD439ED338FDB91 /* Pods_News.framework in Frameworks */,
			);
			runOnlyForDeploymentPostprocessing = 0;
		};
/* End PBXFrameworksBuildPhase section */

/* Begin PBXGroup section */
		1F643BF7A133F6888500E5F0 /* Pods */ = {
			isa = PBXGroup;
			children = (
				1DE15F62D67C43DC022E1528 /* Pods-News.debug.xcconfig */,
				45EADFE16436C006915B5089 /* Pods-News.release.xcconfig */,
			);
			path = Pods;
			sourceTree = "<group>";
		};
		575C1AF9AA631D4CE5D8C77B /* Frameworks */ = {
			isa = PBXGroup;
			children = (
				78DF4F2EF4751AFD0DAD177F /* Pods_News.framework */,
			);
			name = Frameworks;
			sourceTree = "<group>";
		};
		B513817F2548655F00D7A6FB /* Core */ = {
			isa = PBXGroup;
			children = (
				B526194E2548221A00F54A31 /* ArticleVC.swift */,
				B52619542548241100F54A31 /* ShowArticleVC.swift */,
			);
			path = Core;
			sourceTree = "<group>";
		};
		B51381802548656C00D7A6FB /* Other */ = {
			isa = PBXGroup;
			children = (
				B51381812548667A00D7A6FB /* ConnectionControlVC.swift */,
				B5A45BE3254AD62800B1CE42 /* OnBoarding */,
			);
			path = Other;
			sourceTree = "<group>";
		};
		B52619572548244700F54A31 /* CollectionViewCell */ = {
			isa = PBXGroup;
			children = (
				B52619632548256E00F54A31 /* TopicsCollectionViewCell.swift */,
				B589AAB3254C057800A9D5C3 /* OnboardingTopicCollectionViewCell.swift */,
			);
			path = CollectionViewCell;
			sourceTree = "<group>";
		};
		B52619582548245000F54A31 /* TableViewCell */ = {
			isa = PBXGroup;
			children = (
				B52619592548248200F54A31 /* ArticlesTableViewCell.swift */,
				B526195D254824A700F54A31 /* CollectionTableViewCell.swift */,
				B52619602548254700F54A31 /* FeaturedArticleTableViewCell.swift */,
			);
			path = TableViewCell;
			sourceTree = "<group>";
		};
		B56495B02548142D0036934E = {
			isa = PBXGroup;
			children = (
				B56495BB2548142D0036934E /* News */,
				B56495BA2548142D0036934E /* Products */,
				1F643BF7A133F6888500E5F0 /* Pods */,
				575C1AF9AA631D4CE5D8C77B /* Frameworks */,
			);
			sourceTree = "<group>";
		};
		B56495BA2548142D0036934E /* Products */ = {
			isa = PBXGroup;
			children = (
				B56495B92548142D0036934E /* News.app */,
			);
			name = Products;
			sourceTree = "<group>";
		};
		B56495BB2548142D0036934E /* News */ = {
			isa = PBXGroup;
			children = (
				B5B88A0325497A9F00813D38 /* Fonts */,
				B56495D4254817510036934E /* Extensions */,
				B56495D9254817800036934E /* Sources */,
				B56495DE254819BD0036934E /* Services */,
				B56495D6254817600036934E /* ViewModels */,
				B56495D52548175B0036934E /* Models */,
				B56495D3254817450036934E /* Controllers */,
				B56495D7254817670036934E /* View */,
				B56495CA254814310036934E /* Info.plist */,
				B5503471254FE85100B4D597 /* GoogleService-Info.plist */,
			);
			path = News;
			sourceTree = "<group>";
		};
		B56495D3254817450036934E /* Controllers */ = {
			isa = PBXGroup;
			children = (
				B51381802548656C00D7A6FB /* Other */,
				B513817F2548655F00D7A6FB /* Core */,
			);
			path = Controllers;
			sourceTree = "<group>";
		};
		B56495D4254817510036934E /* Extensions */ = {
			isa = PBXGroup;
			children = (
				B56495E325481A2E0036934E /* UIViewExtension.swift */,
				B56495E625481A6D0036934E /* StringExtension.swift */,
			);
			path = Extensions;
			sourceTree = "<group>";
		};
		B56495D52548175B0036934E /* Models */ = {
			isa = PBXGroup;
			children = (
				B56495E925481AA40036934E /* Article.swift */,
			);
			path = Models;
			sourceTree = "<group>";
		};
		B56495D6254817600036934E /* ViewModels */ = {
			isa = PBXGroup;
			children = (
				B564964025481DCF0036934E /* ArticleViewModel.swift */,
			);
			path = ViewModels;
			sourceTree = "<group>";
		};
		B56495D7254817670036934E /* View */ = {
			isa = PBXGroup;
			children = (
				B56495D8254817760036934E /* Cells */,
				B56495C7254814310036934E /* LaunchScreen.storyboard */,
				B56495C22548142E0036934E /* Main.storyboard */,
				B56495C5254814310036934E /* Assets.xcassets */,
			);
			path = View;
			sourceTree = "<group>";
		};
		B56495D8254817760036934E /* Cells */ = {
			isa = PBXGroup;
			children = (
				B52619582548245000F54A31 /* TableViewCell */,
				B52619572548244700F54A31 /* CollectionViewCell */,
			);
			path = Cells;
			sourceTree = "<group>";
		};
		B56495D9254817800036934E /* Sources */ = {
			isa = PBXGroup;
			children = (
				B56495BC2548142D0036934E /* AppDelegate.swift */,
				B56495BE2548142D0036934E /* SceneDelegate.swift */,
				B51381842548677C00D7A6FB /* NetworkMonitor.swift */,
				B5A66605254AE5F3003D16B3 /* WelcomeOnBoarding.swift */,
				B5503483254FF77000B4D597 /* DatabaseManager.swift */,
			);
			path = Sources;
			sourceTree = "<group>";
		};
		B56495DE254819BD0036934E /* Services */ = {
			isa = PBXGroup;
			children = (
				B52619512548238A00F54A31 /* WebService.swift */,
			);
			path = Services;
			sourceTree = "<group>";
		};
		B5A45BE3254AD62800B1CE42 /* OnBoarding */ = {
			isa = PBXGroup;
			children = (
				B5A45BE4254AD63000B1CE42 /* Login_Register */,
				B589AAAF254BEB6600A9D5C3 /* WelcomeOnboardingVC.swift */,
			);
			path = OnBoarding;
			sourceTree = "<group>";
		};
		B5A45BE4254AD63000B1CE42 /* Login_Register */ = {
			isa = PBXGroup;
			children = (
			);
			path = Login_Register;
			sourceTree = "<group>";
		};
		B5B88A0325497A9F00813D38 /* Fonts */ = {
			isa = PBXGroup;
			children = (
				B5B88A0425497ACE00813D38 /* SF-Compact-Display-Black.otf */,
				B5B88A0525497ACE00813D38 /* SF-Compact-Display-Bold.otf */,
				B5B88A0C25497ACF00813D38 /* SF-Compact-Display-Heavy.otf */,
				B5B88A0B25497ACF00813D38 /* SF-Compact-Display-Light.otf */,
				B5B88A0825497ACE00813D38 /* SF-Compact-Display-Medium.otf */,
				B5B88A0925497ACF00813D38 /* SF-Compact-Display-Regular.otf */,
				B5B88A0A25497ACF00813D38 /* SF-Compact-Display-Semibold.otf */,
				B5B88A0725497ACE00813D38 /* SF-Compact-Display-Thin.otf */,
				B5B88A0625497ACE00813D38 /* SF-Compact-Display-Ultralight.otf */,
			);
			path = Fonts;
			sourceTree = "<group>";
		};
/* End PBXGroup section */

/* Begin PBXNativeTarget section */
		B56495B82548142D0036934E /* News */ = {
			isa = PBXNativeTarget;
			buildConfigurationList = B56495CD254814310036934E /* Build configuration list for PBXNativeTarget "News" */;
			buildPhases = (
				6CD84D13BD270DF24ED4D60D /* [CP] Check Pods Manifest.lock */,
				B56495B52548142D0036934E /* Sources */,
				B56495B62548142D0036934E /* Frameworks */,
				B56495B72548142D0036934E /* Resources */,
				B28137EB0926F266ABF38153 /* [CP] Embed Pods Frameworks */,
			);
			buildRules = (
			);
			dependencies = (
			);
			name = News;
			productName = News;
			productReference = B56495B92548142D0036934E /* News.app */;
			productType = "com.apple.product-type.application";
		};
/* End PBXNativeTarget section */

/* Begin PBXProject section */
		B56495B12548142D0036934E /* Project object */ = {
			isa = PBXProject;
			attributes = {
				LastSwiftUpdateCheck = 1210;
				LastUpgradeCheck = 1210;
				TargetAttributes = {
					B56495B82548142D0036934E = {
						CreatedOnToolsVersion = 12.1;
					};
				};
			};
			buildConfigurationList = B56495B42548142D0036934E /* Build configuration list for PBXProject "News" */;
			compatibilityVersion = "Xcode 9.3";
			developmentRegion = en;
			hasScannedForEncodings = 0;
			knownRegions = (
				en,
				Base,
			);
			mainGroup = B56495B02548142D0036934E;
			productRefGroup = B56495BA2548142D0036934E /* Products */;
			projectDirPath = "";
			projectRoot = "";
			targets = (
				B56495B82548142D0036934E /* News */,
			);
		};
/* End PBXProject section */

/* Begin PBXResourcesBuildPhase section */
		B56495B72548142D0036934E /* Resources */ = {
			isa = PBXResourcesBuildPhase;
			buildActionMask = 2147483647;
			files = (
				B5503472254FE85100B4D597 /* GoogleService-Info.plist in Resources */,
				B5B88A1025497ACF00813D38 /* SF-Compact-Display-Thin.otf in Resources */,
				B5B88A1525497ACF00813D38 /* SF-Compact-Display-Heavy.otf in Resources */,
				B56495C9254814310036934E /* LaunchScreen.storyboard in Resources */,
				B5B88A1125497ACF00813D38 /* SF-Compact-Display-Medium.otf in Resources */,
				B5B88A0F25497ACF00813D38 /* SF-Compact-Display-Ultralight.otf in Resources */,
				B5B88A1325497ACF00813D38 /* SF-Compact-Display-Semibold.otf in Resources */,
				B5B88A0D25497ACF00813D38 /* SF-Compact-Display-Black.otf in Resources */,
				B5B88A1225497ACF00813D38 /* SF-Compact-Display-Regular.otf in Resources */,
				B56495C6254814310036934E /* Assets.xcassets in Resources */,
				B5B88A0E25497ACF00813D38 /* SF-Compact-Display-Bold.otf in Resources */,
				B5B88A1425497ACF00813D38 /* SF-Compact-Display-Light.otf in Resources */,
				B56495C42548142E0036934E /* Main.storyboard in Resources */,
			);
			runOnlyForDeploymentPostprocessing = 0;
		};
/* End PBXResourcesBuildPhase section */

/* Begin PBXShellScriptBuildPhase section */
		6CD84D13BD270DF24ED4D60D /* [CP] Check Pods Manifest.lock */ = {
			isa = PBXShellScriptBuildPhase;
			buildActionMask = 2147483647;
			files = (
			);
			inputFileListPaths = (
			);
			inputPaths = (
				"${PODS_PODFILE_DIR_PATH}/Podfile.lock",
				"${PODS_ROOT}/Manifest.lock",
			);
			name = "[CP] Check Pods Manifest.lock";
			outputFileListPaths = (
			);
			outputPaths = (
				"$(DERIVED_FILE_DIR)/Pods-News-checkManifestLockResult.txt",
			);
			runOnlyForDeploymentPostprocessing = 0;
			shellPath = /bin/sh;
			shellScript = "diff \"${PODS_PODFILE_DIR_PATH}/Podfile.lock\" \"${PODS_ROOT}/Manifest.lock\" > /dev/null\nif [ $? != 0 ] ; then\n    # print error to STDERR\n    echo \"error: The sandbox is not in sync with the Podfile.lock. Run 'pod install' or update your CocoaPods installation.\" >&2\n    exit 1\nfi\n# This output is used by Xcode 'outputs' to avoid re-running this script phase.\necho \"SUCCESS\" > \"${SCRIPT_OUTPUT_FILE_0}\"\n";
			showEnvVarsInLog = 0;
		};
		B28137EB0926F266ABF38153 /* [CP] Embed Pods Frameworks */ = {
			isa = PBXShellScriptBuildPhase;
			buildActionMask = 2147483647;
			files = (
			);
			inputFileListPaths = (
				"${PODS_ROOT}/Target Support Files/Pods-News/Pods-News-frameworks-${CONFIGURATION}-input-files.xcfilelist",
			);
			name = "[CP] Embed Pods Frameworks";
			outputFileListPaths = (
				"${PODS_ROOT}/Target Support Files/Pods-News/Pods-News-frameworks-${CONFIGURATION}-output-files.xcfilelist",
			);
			runOnlyForDeploymentPostprocessing = 0;
			shellPath = /bin/sh;
			shellScript = "\"${PODS_ROOT}/Target Support Files/Pods-News/Pods-News-frameworks.sh\"\n";
			showEnvVarsInLog = 0;
		};
/* End PBXShellScriptBuildPhase section */

/* Begin PBXSourcesBuildPhase section */
		B56495B52548142D0036934E /* Sources */ = {
			isa = PBXSourcesBuildPhase;
			buildActionMask = 2147483647;
			files = (
				B526195A2548248200F54A31 /* ArticlesTableViewCell.swift in Sources */,
				B56495BD2548142D0036934E /* AppDelegate.swift in Sources */,
				B52619552548241100F54A31 /* ShowArticleVC.swift in Sources */,
				B56495EA25481AA40036934E /* Article.swift in Sources */,
				B52619522548238A00F54A31 /* WebService.swift in Sources */,
				B56495E725481A6D0036934E /* StringExtension.swift in Sources */,
				B51381822548667A00D7A6FB /* ConnectionControlVC.swift in Sources */,
				B51381852548677C00D7A6FB /* NetworkMonitor.swift in Sources */,
				B526195E254824A700F54A31 /* CollectionTableViewCell.swift in Sources */,
				B589AAB0254BEB6600A9D5C3 /* WelcomeOnboardingVC.swift in Sources */,
				B5A66606254AE5F3003D16B3 /* WelcomeOnBoarding.swift in Sources */,
				B526194F2548221A00F54A31 /* ArticleVC.swift in Sources */,
				B52619642548256E00F54A31 /* TopicsCollectionViewCell.swift in Sources */,
				B589AAB4254C057800A9D5C3 /* OnboardingTopicCollectionViewCell.swift in Sources */,
				B5503484254FF77000B4D597 /* DatabaseManager.swift in Sources */,
				B52619612548254700F54A31 /* FeaturedArticleTableViewCell.swift in Sources */,
				B56495E425481A2E0036934E /* UIViewExtension.swift in Sources */,
				B564964125481DCF0036934E /* ArticleViewModel.swift in Sources */,
				B56495BF2548142D0036934E /* SceneDelegate.swift in Sources */,
			);
			runOnlyForDeploymentPostprocessing = 0;
		};
/* End PBXSourcesBuildPhase section */

/* Begin PBXVariantGroup section */
		B56495C22548142E0036934E /* Main.storyboard */ = {
			isa = PBXVariantGroup;
			children = (
				B56495C32548142E0036934E /* Base */,
			);
			name = Main.storyboard;
			sourceTree = "<group>";
		};
		B56495C7254814310036934E /* LaunchScreen.storyboard */ = {
			isa = PBXVariantGroup;
			children = (
				B56495C8254814310036934E /* Base */,
			);
			name = LaunchScreen.storyboard;
			sourceTree = "<group>";
		};
/* End PBXVariantGroup section */

/* Begin XCBuildConfiguration section */
		B56495CB254814310036934E /* Debug */ = {
			isa = XCBuildConfiguration;
			buildSettings = {
				ALWAYS_SEARCH_USER_PATHS = NO;
				CLANG_ANALYZER_NONNULL = YES;
				CLANG_ANALYZER_NUMBER_OBJECT_CONVERSION = YES_AGGRESSIVE;
				CLANG_CXX_LANGUAGE_STANDARD = "gnu++14";
				CLANG_CXX_LIBRARY = "libc++";
				CLANG_ENABLE_MODULES = YES;
				CLANG_ENABLE_OBJC_ARC = YES;
				CLANG_ENABLE_OBJC_WEAK = YES;
				CLANG_WARN_BLOCK_CAPTURE_AUTORELEASING = YES;
				CLANG_WARN_BOOL_CONVERSION = YES;
				CLANG_WARN_COMMA = YES;
				CLANG_WARN_CONSTANT_CONVERSION = YES;
				CLANG_WARN_DEPRECATED_OBJC_IMPLEMENTATIONS = YES;
				CLANG_WARN_DIRECT_OBJC_ISA_USAGE = YES_ERROR;
				CLANG_WARN_DOCUMENTATION_COMMENTS = YES;
				CLANG_WARN_EMPTY_BODY = YES;
				CLANG_WARN_ENUM_CONVERSION = YES;
				CLANG_WARN_INFINITE_RECURSION = YES;
				CLANG_WARN_INT_CONVERSION = YES;
				CLANG_WARN_NON_LITERAL_NULL_CONVERSION = YES;
				CLANG_WARN_OBJC_IMPLICIT_RETAIN_SELF = YES;
				CLANG_WARN_OBJC_LITERAL_CONVERSION = YES;
				CLANG_WARN_OBJC_ROOT_CLASS = YES_ERROR;
				CLANG_WARN_QUOTED_INCLUDE_IN_FRAMEWORK_HEADER = YES;
				CLANG_WARN_RANGE_LOOP_ANALYSIS = YES;
				CLANG_WARN_STRICT_PROTOTYPES = YES;
				CLANG_WARN_SUSPICIOUS_MOVE = YES;
				CLANG_WARN_UNGUARDED_AVAILABILITY = YES_AGGRESSIVE;
				CLANG_WARN_UNREACHABLE_CODE = YES;
				CLANG_WARN__DUPLICATE_METHOD_MATCH = YES;
				COPY_PHASE_STRIP = NO;
				DEBUG_INFORMATION_FORMAT = dwarf;
				ENABLE_STRICT_OBJC_MSGSEND = YES;
				ENABLE_TESTABILITY = YES;
				GCC_C_LANGUAGE_STANDARD = gnu11;
				GCC_DYNAMIC_NO_PIC = NO;
				GCC_NO_COMMON_BLOCKS = YES;
				GCC_OPTIMIZATION_LEVEL = 0;
				GCC_PREPROCESSOR_DEFINITIONS = (
					"DEBUG=1",
					"$(inherited)",
				);
				GCC_WARN_64_TO_32_BIT_CONVERSION = YES;
				GCC_WARN_ABOUT_RETURN_TYPE = YES_ERROR;
				GCC_WARN_UNDECLARED_SELECTOR = YES;
				GCC_WARN_UNINITIALIZED_AUTOS = YES_AGGRESSIVE;
				GCC_WARN_UNUSED_FUNCTION = YES;
				GCC_WARN_UNUSED_VARIABLE = YES;
				IPHONEOS_DEPLOYMENT_TARGET = 14.1;
				MTL_ENABLE_DEBUG_INFO = INCLUDE_SOURCE;
				MTL_FAST_MATH = YES;
				ONLY_ACTIVE_ARCH = YES;
				SDKROOT = iphoneos;
				SWIFT_ACTIVE_COMPILATION_CONDITIONS = DEBUG;
				SWIFT_OPTIMIZATION_LEVEL = "-Onone";
			};
			name = Debug;
		};
		B56495CC254814310036934E /* Release */ = {
			isa = XCBuildConfiguration;
			buildSettings = {
				ALWAYS_SEARCH_USER_PATHS = NO;
				CLANG_ANALYZER_NONNULL = YES;
				CLANG_ANALYZER_NUMBER_OBJECT_CONVERSION = YES_AGGRESSIVE;
				CLANG_CXX_LANGUAGE_STANDARD = "gnu++14";
				CLANG_CXX_LIBRARY = "libc++";
				CLANG_ENABLE_MODULES = YES;
				CLANG_ENABLE_OBJC_ARC = YES;
				CLANG_ENABLE_OBJC_WEAK = YES;
				CLANG_WARN_BLOCK_CAPTURE_AUTORELEASING = YES;
				CLANG_WARN_BOOL_CONVERSION = YES;
				CLANG_WARN_COMMA = YES;
				CLANG_WARN_CONSTANT_CONVERSION = YES;
				CLANG_WARN_DEPRECATED_OBJC_IMPLEMENTATIONS = YES;
				CLANG_WARN_DIRECT_OBJC_ISA_USAGE = YES_ERROR;
				CLANG_WARN_DOCUMENTATION_COMMENTS = YES;
				CLANG_WARN_EMPTY_BODY = YES;
				CLANG_WARN_ENUM_CONVERSION = YES;
				CLANG_WARN_INFINITE_RECURSION = YES;
				CLANG_WARN_INT_CONVERSION = YES;
				CLANG_WARN_NON_LITERAL_NULL_CONVERSION = YES;
				CLANG_WARN_OBJC_IMPLICIT_RETAIN_SELF = YES;
				CLANG_WARN_OBJC_LITERAL_CONVERSION = YES;
				CLANG_WARN_OBJC_ROOT_CLASS = YES_ERROR;
				CLANG_WARN_QUOTED_INCLUDE_IN_FRAMEWORK_HEADER = YES;
				CLANG_WARN_RANGE_LOOP_ANALYSIS = YES;
				CLANG_WARN_STRICT_PROTOTYPES = YES;
				CLANG_WARN_SUSPICIOUS_MOVE = YES;
				CLANG_WARN_UNGUARDED_AVAILABILITY = YES_AGGRESSIVE;
				CLANG_WARN_UNREACHABLE_CODE = YES;
				CLANG_WARN__DUPLICATE_METHOD_MATCH = YES;
				COPY_PHASE_STRIP = NO;
				DEBUG_INFORMATION_FORMAT = "dwarf-with-dsym";
				ENABLE_NS_ASSERTIONS = NO;
				ENABLE_STRICT_OBJC_MSGSEND = YES;
				GCC_C_LANGUAGE_STANDARD = gnu11;
				GCC_NO_COMMON_BLOCKS = YES;
				GCC_WARN_64_TO_32_BIT_CONVERSION = YES;
				GCC_WARN_ABOUT_RETURN_TYPE = YES_ERROR;
				GCC_WARN_UNDECLARED_SELECTOR = YES;
				GCC_WARN_UNINITIALIZED_AUTOS = YES_AGGRESSIVE;
				GCC_WARN_UNUSED_FUNCTION = YES;
				GCC_WARN_UNUSED_VARIABLE = YES;
				IPHONEOS_DEPLOYMENT_TARGET = 14.1;
				MTL_ENABLE_DEBUG_INFO = NO;
				MTL_FAST_MATH = YES;
				SDKROOT = iphoneos;
				SWIFT_COMPILATION_MODE = wholemodule;
				SWIFT_OPTIMIZATION_LEVEL = "-O";
				VALIDATE_PRODUCT = YES;
			};
			name = Release;
		};
		B56495CE254814310036934E /* Debug */ = {
			isa = XCBuildConfiguration;
			baseConfigurationReference = 1DE15F62D67C43DC022E1528 /* Pods-News.debug.xcconfig */;
			buildSettings = {
				ASSETCATALOG_COMPILER_APPICON_NAME = AppIcon;
				ASSETCATALOG_COMPILER_GLOBAL_ACCENT_COLOR_NAME = AccentColor;
				CODE_SIGN_STYLE = Automatic;
				DEVELOPMENT_TEAM = 7AYM348U3Y;
				INFOPLIST_FILE = News/Info.plist;
				LD_RUNPATH_SEARCH_PATHS = (
					"$(inherited)",
					"@executable_path/Frameworks",
				);
				PRODUCT_BUNDLE_IDENTIFIER = com.bilaldurnagol.News;
				PRODUCT_NAME = "$(TARGET_NAME)";
				SWIFT_VERSION = 5.0;
				TARGETED_DEVICE_FAMILY = 1;
			};
			name = Debug;
		};
		B56495CF254814310036934E /* Release */ = {
			isa = XCBuildConfiguration;
			baseConfigurationReference = 45EADFE16436C006915B5089 /* Pods-News.release.xcconfig */;
			buildSettings = {
				ASSETCATALOG_COMPILER_APPICON_NAME = AppIcon;
				ASSETCATALOG_COMPILER_GLOBAL_ACCENT_COLOR_NAME = AccentColor;
				CODE_SIGN_STYLE = Automatic;
				DEVELOPMENT_TEAM = 7AYM348U3Y;
				INFOPLIST_FILE = News/Info.plist;
				LD_RUNPATH_SEARCH_PATHS = (
					"$(inherited)",
					"@executable_path/Frameworks",
				);
				PRODUCT_BUNDLE_IDENTIFIER = com.bilaldurnagol.News;
				PRODUCT_NAME = "$(TARGET_NAME)";
				SWIFT_VERSION = 5.0;
				TARGETED_DEVICE_FAMILY = 1;
			};
			name = Release;
		};
/* End XCBuildConfiguration section */

/* Begin XCConfigurationList section */
		B56495B42548142D0036934E /* Build configuration list for PBXProject "News" */ = {
			isa = XCConfigurationList;
			buildConfigurations = (
				B56495CB254814310036934E /* Debug */,
				B56495CC254814310036934E /* Release */,
			);
			defaultConfigurationIsVisible = 0;
			defaultConfigurationName = Release;
		};
		B56495CD254814310036934E /* Build configuration list for PBXNativeTarget "News" */ = {
			isa = XCConfigurationList;
			buildConfigurations = (
				B56495CE254814310036934E /* Debug */,
				B56495CF254814310036934E /* Release */,
			);
			defaultConfigurationIsVisible = 0;
			defaultConfigurationName = Release;
		};
/* End XCConfigurationList section */
	};
	rootObject = B56495B12548142D0036934E /* Project object */;
}
